
Microsoft Visual Studio Solution File, Format Version 12.00
# Visual Studio Version 17
VisualStudioVersion = 17.3.32922.545
MinimumVisualStudioVersion = 10.0.40219.1
Project("{FAE04EC0-301F-11D3-BF4B-00C04F79EFBC}") = "HardwareStoreWeb", "HardwareStore\HardwareStoreWeb.csproj", "{D135370D-673C-4EC0-8E18-B5A04D6DFD66}"
EndProject
Global
	GlobalSection(SolutionConfigurationPlatforms) = preSolution
		Debug|Any CPU = Debug|Any CPU
		Release|Any CPU = Release|Any CPU
	EndGlobalSection
	GlobalSection(ProjectConfigurationPlatforms) = postSolution
		{D135370D-673C-4EC0-8E18-B5A04D6DFD66}.Debug|Any CPU.ActiveCfg = Debug|Any CPU
		{D135370D-673C-4EC0-8E18-B5A04D6DFD66}.Debug|Any CPU.Build.0 = Debug|Any CPU
		{D135370D-673C-4EC0-8E18-B5A04D6DFD66}.Release|Any CPU.ActiveCfg = Release|Any CPU
		{D135370D-673C-4EC0-8E18-B5A04D6DFD66}.Release|Any CPU.Build.0 = Release|Any CPU
	EndGlobalSection
	GlobalSection(SolutionProperties) = preSolution
		HideSolutionNode = FALSE
	EndGlobalSection
	GlobalSection(ExtensibilityGlobals) = postSolution
		SolutionGuid = {81ECA6A6-25E1-4395-89D1-F6E468E08DB9}
	EndGlobalSection
EndGlobal
